<?xml version="1.0" encoding="utf-8"?>
<Project ToolsVersion="4.0" xmlns="http://schemas.microsoft.com/developer/msbuild/2003">
  <ItemGroup>
    <Filter Include="Source Files">
      <UniqueIdentifier>{4FC737F1-C7A5-4376-A066-2A32D752A2FF}</UniqueIdentifier>
      <Extensions>cpp;c;cc;cxx;def;odl;idl;hpj;bat;asm;asmx</Extensions>
    </Filter>
    <Filter Include="Header Files">
      <UniqueIdentifier>{93995380-89BD-4b04-88EB-625FBE52EBFB}</UniqueIdentifier>
      <Extensions>h;hh;hpp;hxx;hm;inl;inc;ipp;xsd</Extensions>
    </Filter>
    <Filter Include="Resource Files">
      <UniqueIdentifier>{67DA6AB6-F800-4c08-8B7A-83BB121AAD01}</UniqueIdentifier>
      <Extensions>rc;ico;cur;bmp;dlg;rc2;rct;bin;rgs;gif;jpg;jpeg;jpe;resx;tiff;tif;png;wav;mfcribbon-ms</Extensions>
    </Filter>
    <Filter Include="Header Files\Element Headers">
      <UniqueIdentifier>{760ab456-b809-414f-b5fc-d6ed0de58e5d}</UniqueIdentifier>
    </Filter>
    <Filter Include="Source Files\Element Source Code">
      <UniqueIdentifier>{c25e7db4-5559-4b2a-8695-a51c2b7c16dd}</UniqueIdentifier>
    </Filter>
    <Filter Include="Header Files\Parsing Headers">
      <UniqueIdentifier>{6cdb8d65-802e-4176-b3bd-071d1cff4ff7}</UniqueIdentifier>
    </Filter>
    <Filter Include="Source Files\Parsing Source Code">
      <UniqueIdentifier>{d1cb5735-8007-4d65-b7a9-24e4109aabf6}</UniqueIdentifier>
    </Filter>
  </ItemGroup>
  <ItemGroup>
    <ClInclude Include="Structure\BinaryOperators\Addition.h">
      <Filter>Header Files\Element Headers</Filter>
    </ClInclude>
    <ClInclude Include="Structure\BinaryOperators\BinaryOperator.h">
      <Filter>Header Files\Element Headers</Filter>
    </ClInclude>
    <ClInclude Include="Structure\Constant.h">
      <Filter>Header Files\Element Headers</Filter>
    </ClInclude>
    <ClInclude Include="Structure\BinaryOperators\Division.h">
      <Filter>Header Files\Element Headers</Filter>
    </ClInclude>
    <ClInclude Include="Structure\Element.h">
      <Filter>Header Files\Element Headers</Filter>
    </ClInclude>
    <ClInclude Include="Structure\Element_pch.h">
      <Filter>Header Files\Element Headers</Filter>
    </ClInclude>
    <ClInclude Include="Structure\BinaryOperators\Exponential.h">
      <Filter>Header Files\Element Headers</Filter>
    </ClInclude>
    <ClInclude Include="Structure\Functions\Function.h">
      <Filter>Header Files\Element Headers</Filter>
    </ClInclude>
    <ClInclude Include="Structure\Linear.h">
      <Filter>Header Files\Element Headers</Filter>
    </ClInclude>
    <ClInclude Include="Structure\BinaryOperators\Multiplication.h">
      <Filter>Header Files\Element Headers</Filter>
    </ClInclude>
    <ClInclude Include="Structure\Parameter.h">
      <Filter>Header Files\Element Headers</Filter>
    </ClInclude>
    <ClInclude Include="Structure\BinaryOperators\Subtraction.h">
      <Filter>Header Files\Element Headers</Filter>
    </ClInclude>
    <ClInclude Include="Structure\UnaryOperators\UnaryOperator.h">
      <Filter>Header Files\Element Headers</Filter>
    </ClInclude>
    <ClInclude Include="Structure\VariablePackage.h">
      <Filter>Header Files\Element Headers</Filter>
    </ClInclude>
    <ClInclude Include="Parsing\ValidatedElementFactory.h">
      <Filter>Header Files\Parsing Headers</Filter>
    </ClInclude>
    <ClInclude Include="Parsing\FunctionValidator.h">
      <Filter>Header Files\Parsing Headers</Filter>
    </ClInclude>
    <ClInclude Include="Parsing\StringInterpreter.h">
      <Filter>Header Files\Parsing Headers</Filter>
    </ClInclude>
    <ClInclude Include="Parsing\ValidatedElement.h">
      <Filter>Header Files\Parsing Headers</Filter>
    </ClInclude>
    <ClInclude Include="Parsing\TreeMaker.h">
      <Filter>Header Files\Parsing Headers</Filter>
    </ClInclude>
    <ClInclude Include="Structure\UnaryOperators\Sin.h">
      <Filter>Header Files</Filter>
    </ClInclude>
    <ClInclude Include="Structure\UnaryOperators\Cos.h">
      <Filter>Header Files</Filter>
    </ClInclude>
    <ClInclude Include="Structure\Functions\Log.h">
      <Filter>Header Files</Filter>
    </ClInclude>
    <ClInclude Include="Parsing\Parsing.h">
      <Filter>Header Files</Filter>
    </ClInclude>
    <ClInclude Include="Structure\BinaryOperators\BinaryOperator_pch.h">
      <Filter>Header Files</Filter>
    </ClInclude>
    <ClInclude Include="Structure\Functions\Function_pch.h">
      <Filter>Header Files</Filter>
    </ClInclude>
    <ClInclude Include="Structure\UnaryOperators\UnaryOperator_pch.h">
      <Filter>Header Files</Filter>
    </ClInclude>
  </ItemGroup>
  <ItemGroup>
    <None Include="..\README.md" />
  </ItemGroup>
  <ItemGroup>
    <ClCompile Include="Main.cpp">
      <Filter>Source Files</Filter>
    </ClCompile>
    <ClCompile Include="Structure\BinaryOperators\Addition.cpp">
      <Filter>Source Files\Element Source Code</Filter>
    </ClCompile>
    <ClCompile Include="Structure\BinaryOperators\BinaryOperator.cpp">
      <Filter>Source Files\Element Source Code</Filter>
    </ClCompile>
    <ClCompile Include="Structure\Constant.cpp">
      <Filter>Source Files\Element Source Code</Filter>
    </ClCompile>
    <ClCompile Include="Structure\BinaryOperators\Division.cpp">
      <Filter>Source Files\Element Source Code</Filter>
    </ClCompile>
    <ClCompile Include="Structure\Element.cpp">
      <Filter>Source Files\Element Source Code</Filter>
    </ClCompile>
    <ClCompile Include="Structure\BinaryOperators\Exponential.cpp">
      <Filter>Source Files\Element Source Code</Filter>
    </ClCompile>
    <ClCompile Include="Structure\Functions\Function.cpp">
      <Filter>Source Files\Element Source Code</Filter>
    </ClCompile>
    <ClCompile Include="Structure\Parameter.cpp">
      <Filter>Source Files\Element Source Code</Filter>
    </ClCompile>
    <ClCompile Include="Structure\Linear.cpp">
      <Filter>Source Files\Element Source Code</Filter>
    </ClCompile>
    <ClCompile Include="Structure\BinaryOperators\Multiplication.cpp">
      <Filter>Source Files\Element Source Code</Filter>
    </ClCompile>
    <ClCompile Include="Structure\BinaryOperators\Subtraction.cpp">
      <Filter>Source Files\Element Source Code</Filter>
    </ClCompile>
    <ClCompile Include="Structure\UnaryOperators\UnaryOperator.cpp">
      <Filter>Source Files\Element Source Code</Filter>
    </ClCompile>
    <ClCompile Include="Parsing\WordParser.cpp">
      <Filter>Source Files\Parsing Source Code</Filter>
    </ClCompile>
    <ClCompile Include="Parsing\ValidatedElementFactory.cpp">
      <Filter>Source Files\Parsing Source Code</Filter>
    </ClCompile>
    <ClCompile Include="Parsing\FunctionValidator.cpp">
      <Filter>Source Files\Parsing Source Code</Filter>
    </ClCompile>
    <ClCompile Include="Parsing\Splitter.cpp">
      <Filter>Source Files\Parsing Source Code</Filter>
    </ClCompile>
    <ClCompile Include="Parsing\StringInterpreter.cpp">
      <Filter>Source Files\Parsing Source Code</Filter>
    </ClCompile>
    <ClCompile Include="Parsing\ValidatedElement.cpp">
      <Filter>Source Files\Parsing Source Code</Filter>
    </ClCompile>
    <ClCompile Include="Structure\RegexDistributor.cpp">
      <Filter>Source Files</Filter>
    </ClCompile>
    <ClCompile Include="Structure\UnaryOperators\Sin.cpp">
      <Filter>Source Files</Filter>
    </ClCompile>
    <ClCompile Include="Structure\UnaryOperators\Cos.cpp">
      <Filter>Source Files</Filter>
    </ClCompile>
    <ClCompile Include="Structure\Functions\Log.cpp">
      <Filter>Source Files</Filter>
    </ClCompile>
    <ClCompile Include="Parsing\Parse.cpp">
      <Filter>Source Files</Filter>
    </ClCompile>
    <ClCompile Include="Parsing\makeTree.cpp">
      <Filter>Source Files</Filter>
    </ClCompile>
    <ClCompile Include="Parsing\Validate.cpp">
      <Filter>Source Files</Filter>
    </ClCompile>
  </ItemGroup>
  <ItemGroup>
    <Text Include="Context-free grammar.txt" />
    <Text Include="Validating-Expression.txt" />
  </ItemGroup>
</Project>